// !$*UTF8*$!
{
	archiveVersion = 1;
	classes = {
	};
	objectVersion = 46;
	objects = {

/* Begin PBXBuildFile section */
		F150F0A11512209A003C9C9A /* main.cpp in Sources */ = {isa = PBXBuildFile; fileRef = F150F0A01512209A003C9C9A /* main.cpp */; };
		F150F0A31512209A003C9C9A /* Lecture_9.1 in CopyFiles */ = {isa = PBXBuildFile; fileRef = F150F0A21512209A003C9C9A /* Lecture_9.1 */; };
/* End PBXBuildFile section */

/* Begin PBXCopyFilesBuildPhase section */
		F150F09A1512209A003C9C9A /* CopyFiles */ = {
			isa = PBXCopyFilesBuildPhase;
			buildActionMask = 2147483647;
			dstPath = /usr/share/man/man1/;
			dstSubfolderSpec = 0;
			files = (
				F150F0A31512209A003C9C9A /* Lecture_9.1 in CopyFiles */,
			);
			runOnlyForDeploymentPostprocessing = 1;
		};
/* End PBXCopyFilesBuildPhase section */

/* Begin PBXFileReference section */
		F150F09C1512209A003C9C9A /* Lecture 9 */ = {isa = PBXFileReference; explicitFileType = "compiled.mach-o.executable"; includeInIndex = 0; path = "Lecture 9"; sourceTree = BUILT_PRODUCTS_DIR; };
		F150F0A01512209A003C9C9A /* main.cpp */ = {isa = PBXFileReference; lastKnownFileType = sourcecode.cpp.cpp; path = main.cpp; sourceTree = "<group>"; };
		F150F0A21512209A003C9C9A /* Lecture_9.1 */ = {isa = PBXFileReference; lastKnownFileType = text.man; path = Lecture_9.1; sourceTree = "<group>"; };
/* End PBXFileReference section */

/* Begin PBXFrameworksBuildPhase section */
		F150F0991512209A003C9C9A /* Frameworks */ = {
			isa = PBXFrameworksBuildPhase;
			buildActionMask = 2147483647;
			files = (
			);
			runOnlyForDeploymentPostprocessing = 0;
		};
/* End PBXFrameworksBuildPhase section */

/* Begin PBXGroup section */
		F150F0911512209A003C9C9A = {
			isa = PBXGroup;
			children = (
				F150F09F1512209A003C9C9A /* Lecture 9 */,
				F150F09D1512209A003C9C9A /* Products */,
			);
			sourceTree = "<group>";
		};
		F150F09D1512209A003C9C9A /* Products */ = {
			isa = PBXGroup;
			children = (
				F150F09C1512209A003C9C9A /* Lecture 9 */,
			);
			name = Products;
			sourceTree = "<group>";
		};
		F150F09F1512209A003C9C9A /* Lecture 9 */ = {
			isa = PBXGroup;
			children = (
				F150F0A01512209A003C9C9A /* main.cpp */,
				F150F0A21512209A003C9C9A /* Lecture_9.1 */,
			);
			path = "Lecture 9";
			sourceTree = "<group>";
		};
/* End PBXGroup section */

/* Begin PBXNativeTarget section */
		F150F09B1512209A003C9C9A /* Lecture 9 */ = {
			isa = PBXNativeTarget;
			buildConfigurationList = F150F0A61512209A003C9C9A /* Build configuration list for PBXNativeTarget "Lecture 9" */;
			buildPhases = (
				F150F0981512209A003C9C9A /* Sources */,
				F150F0991512209A003C9C9A /* Frameworks */,
				F150F09A1512209A003C9C9A /* CopyFiles */,
			);
			buildRules = (
			);
			dependencies = (
			);
			name = "Lecture 9";
			productName = "Lecture 9";
			productReference = F150F09C1512209A003C9C9A /* Lecture 9 */;
			productType = "com.apple.product-type.tool";
		};
/* End PBXNativeTarget section */

/* Begin PBXProject section */
		F150F0931512209A003C9C9A /* Project object */ = {
			isa = PBXProject;
			attributes = {
				LastUpgradeCheck = 0420;
			};
			buildConfigurationList = F150F0961512209A003C9C9A /* Build configuration list for PBXProject "Lecture 9" */;
			compatibilityVersion = "Xcode 3.2";
			developmentRegion = English;
			hasScannedForEncodings = 0;
			knownRegions = (
				en,
			);
			mainGroup = F150F0911512209A003C9C9A;
			productRefGroup = F150F09D1512209A003C9C9A /* Products */;
			projectDirPath = "";
			projectRoot = "";
			targets = (
				F150F09B1512209A003C9C9A /* Lecture 9 */,
			);
		};
/* End PBXProject section */

/* Begin PBXSourcesBuildPhase section */
		F150F0981512209A003C9C9A /* Sources */ = {
			isa = PBXSourcesBuildPhase;
			buildActionMask = 2147483647;
			files = (
				F150F0A11512209A003C9C9A /* main.cpp in Sources */,
			);
			runOnlyForDeploymentPostprocessing = 0;
		};
/* End PBXSourcesBuildPhase section */

/* Begin XCBuildConfiguration section */
		F150F0A41512209A003C9C9A /* Debug */ = {
			isa = XCBuildConfiguration;
			buildSettings = {
				ALWAYS_SEARCH_USER_PATHS = NO;
				ARCHS = "$(ARCHS_STANDARD_64_BIT)";
				CLANG_ENABLE_OBJC_ARC = YES;
				COPY_PHASE_STRIP = NO;
				GCC_C_LANGUAGE_STANDARD = gnu99;
				GCC_DYNAMIC_NO_PIC = NO;
				GCC_ENABLE_OBJC_EXCEPTIONS = YES;
				GCC_OPTIMIZATION_LEVEL = 0;
				GCC_PREPROCESSOR_DEFINITIONS = (
					"DEBUG=1",
					"$(inherited)",
				);
				GCC_SYMBOLS_PRIVATE_EXTERN = NO;
				GCC_VERSION = com.apple.compilers.llvm.clang.1_0;
				GCC_WARN_64_TO_32_BIT_CONVERSION = YES;
				GCC_WARN_ABOUT_MISSING_PROTOTYPES = YES;
				GCC_WARN_ABOUT_RETURN_TYPE = YES;
				GCC_WARN_UNUSED_VARIABLE = YES;
				MACOSX_DEPLOYMENT_TARGET = 10.7;
				ONLY_ACTIVE_ARCH = YES;
				SDKROOT = macosx;
			};
			name = Debug;
		};
		F150F0A51512209A003C9C9A /* Release */ = {
			isa = XCBuildConfiguration;
			buildSettings = {
				ALWAYS_SEARCH_USER_PATHS = NO;
				ARCHS = "$(ARCHS_STANDARD_64_BIT)";
				CLANG_ENABLE_OBJC_ARC = YES;
				COPY_PHASE_STRIP = YES;
				DEBUG_INFORMATION_FORMAT = "dwarf-with-dsym";
				GCC_C_LANGUAGE_STANDARD = gnu99;
				GCC_ENABLE_OBJC_EXCEPTIONS = YES;
				GCC_VERSION = com.apple.compilers.llvm.clang.1_0;
				GCC_WARN_64_TO_32_BIT_CONVERSION = YES;
				GCC_WARN_ABOUT_MISSING_PROTOTYPES = YES;
				GCC_WARN_ABOUT_RETURN_TYPE = YES;
				GCC_WARN_UNUSED_VARIABLE = YES;
				MACOSX_DEPLOYMENT_TARGET = 10.7;
				SDKROOT = macosx;
			};
			name = Release;
		};
		F150F0A71512209A003C9C9A /* Debug */ = {
			isa = XCBuildConfiguration;
			buildSettings = {
				PRODUCT_NAME = "$(TARGET_NAME)";
			};
			name = Debug;
		};
		F150F0A81512209A003C9C9A /* Release */ = {
			isa = XCBuildConfiguration;
			buildSettings = {
				PRODUCT_NAME = "$(TARGET_NAME)";
			};
			name = Release;
		};
/* End XCBuildConfiguration section */

/* Begin XCConfigurationList section */
		F150F0961512209A003C9C9A /* Build configuration list for PBXProject "Lecture 9" */ = {
			isa = XCConfigurationList;
			buildConfigurations = (
				F150F0A41512209A003C9C9A /* Debug */,
				F150F0A51512209A003C9C9A /* Release */,
			);
			defaultConfigurationIsVisible = 0;
			defaultConfigurationName = Release;
		};
		F150F0A61512209A003C9C9A /* Build configuration list for PBXNativeTarget "Lecture 9" */ = {
			isa = XCConfigurationList;
			buildConfigurations = (
				F150F0A71512209A003C9C9A /* Debug */,
				F150F0A81512209A003C9C9A /* Release */,
			);
			defaultConfigurationIsVisible = 0;
		};
/* End XCConfigurationList section */
	};
	rootObject = F150F0931512209A003C9C9A /* Project object */;
}
